
Microsoft Visual Studio Solution File, Format Version 11.00
# Visual Studio 2010
Project("{FAE04EC0-301F-11D3-BF4B-00C04F79EFBC}") = "StaticWriter.Plugin", "src\StaticWriter.Plugin\StaticWriter.Plugin.csproj", "{59382BED-0E5C-40B0-90DB-A8CE9F7790A7}"
EndProject
Project("{FAE04EC0-301F-11D3-BF4B-00C04F79EFBC}") = "StaticWriter.Tests", "src\StaticWriter.Tests\StaticWriter.Tests.csproj", "{65722C96-0428-481C-9E2D-CE4C85E4D3CB}"
EndProject
Project("{FAE04EC0-301F-11D3-BF4B-00C04F79EFBC}") = "StaticWriter.Services", "src\StaticWriter.Services\StaticWriter.Services.csproj", "{9B62314C-9656-4122-90EF-7B6C9ABB3B9B}"
EndProject
Project("{FAE04EC0-301F-11D3-BF4B-00C04F79EFBC}") = "StaticWriter.ConsoleHost", "src\StaticWriter.ConsoleHost\StaticWriter.ConsoleHost.csproj", "{8359746A-C725-40FC-994B-30C8EB62609A}"
EndProject
Project("{FAE04EC0-301F-11D3-BF4B-00C04F79EFBC}") = "Microsoft.Samples.XmlRpc", "src\Microsoft.Samples.XmlRpc\Microsoft.Samples.XmlRpc.csproj", "{D556D0B7-A193-4610-8DD3-17B715F2C868}"
EndProject
Global
	GlobalSection(SolutionConfigurationPlatforms) = preSolution
		Debug|Any CPU = Debug|Any CPU
		Debug|Mixed Platforms = Debug|Mixed Platforms
		Debug|x86 = Debug|x86
		Release|Any CPU = Release|Any CPU
		Release|Mixed Platforms = Release|Mixed Platforms
		Release|x86 = Release|x86
	EndGlobalSection
	GlobalSection(ProjectConfigurationPlatforms) = postSolution
		{59382BED-0E5C-40B0-90DB-A8CE9F7790A7}.Debug|Any CPU.ActiveCfg = Debug|Any CPU
		{59382BED-0E5C-40B0-90DB-A8CE9F7790A7}.Debug|Any CPU.Build.0 = Debug|Any CPU
		{59382BED-0E5C-40B0-90DB-A8CE9F7790A7}.Debug|Mixed Platforms.ActiveCfg = Debug|Any CPU
		{59382BED-0E5C-40B0-90DB-A8CE9F7790A7}.Debug|Mixed Platforms.Build.0 = Debug|Any CPU
		{59382BED-0E5C-40B0-90DB-A8CE9F7790A7}.Debug|x86.ActiveCfg = Debug|Any CPU
		{59382BED-0E5C-40B0-90DB-A8CE9F7790A7}.Release|Any CPU.ActiveCfg = Release|Any CPU
		{59382BED-0E5C-40B0-90DB-A8CE9F7790A7}.Release|Any CPU.Build.0 = Release|Any CPU
		{59382BED-0E5C-40B0-90DB-A8CE9F7790A7}.Release|Mixed Platforms.ActiveCfg = Release|Any CPU
		{59382BED-0E5C-40B0-90DB-A8CE9F7790A7}.Release|Mixed Platforms.Build.0 = Release|Any CPU
		{59382BED-0E5C-40B0-90DB-A8CE9F7790A7}.Release|x86.ActiveCfg = Release|Any CPU
		{65722C96-0428-481C-9E2D-CE4C85E4D3CB}.Debug|Any CPU.ActiveCfg = Debug|Any CPU
		{65722C96-0428-481C-9E2D-CE4C85E4D3CB}.Debug|Any CPU.Build.0 = Debug|Any CPU
		{65722C96-0428-481C-9E2D-CE4C85E4D3CB}.Debug|Mixed Platforms.ActiveCfg = Debug|Any CPU
		{65722C96-0428-481C-9E2D-CE4C85E4D3CB}.Debug|Mixed Platforms.Build.0 = Debug|Any CPU
		{65722C96-0428-481C-9E2D-CE4C85E4D3CB}.Debug|x86.ActiveCfg = Debug|Any CPU
		{65722C96-0428-481C-9E2D-CE4C85E4D3CB}.Release|Any CPU.ActiveCfg = Release|Any CPU
		{65722C96-0428-481C-9E2D-CE4C85E4D3CB}.Release|Any CPU.Build.0 = Release|Any CPU
		{65722C96-0428-481C-9E2D-CE4C85E4D3CB}.Release|Mixed Platforms.ActiveCfg = Release|Any CPU
		{65722C96-0428-481C-9E2D-CE4C85E4D3CB}.Release|Mixed Platforms.Build.0 = Release|Any CPU
		{65722C96-0428-481C-9E2D-CE4C85E4D3CB}.Release|x86.ActiveCfg = Release|Any CPU
		{9B62314C-9656-4122-90EF-7B6C9ABB3B9B}.Debug|Any CPU.ActiveCfg = Debug|Any CPU
		{9B62314C-9656-4122-90EF-7B6C9ABB3B9B}.Debug|Any CPU.Build.0 = Debug|Any CPU
		{9B62314C-9656-4122-90EF-7B6C9ABB3B9B}.Debug|Mixed Platforms.ActiveCfg = Debug|Any CPU
		{9B62314C-9656-4122-90EF-7B6C9ABB3B9B}.Debug|Mixed Platforms.Build.0 = Debug|Any CPU
		{9B62314C-9656-4122-90EF-7B6C9ABB3B9B}.Debug|x86.ActiveCfg = Debug|Any CPU
		{9B62314C-9656-4122-90EF-7B6C9ABB3B9B}.Release|Any CPU.ActiveCfg = Release|Any CPU
		{9B62314C-9656-4122-90EF-7B6C9ABB3B9B}.Release|Any CPU.Build.0 = Release|Any CPU
		{9B62314C-9656-4122-90EF-7B6C9ABB3B9B}.Release|Mixed Platforms.ActiveCfg = Release|Any CPU
		{9B62314C-9656-4122-90EF-7B6C9ABB3B9B}.Release|Mixed Platforms.Build.0 = Release|Any CPU
		{9B62314C-9656-4122-90EF-7B6C9ABB3B9B}.Release|x86.ActiveCfg = Release|Any CPU
		{8359746A-C725-40FC-994B-30C8EB62609A}.Debug|Any CPU.ActiveCfg = Debug|x86
		{8359746A-C725-40FC-994B-30C8EB62609A}.Debug|Mixed Platforms.ActiveCfg = Debug|x86
		{8359746A-C725-40FC-994B-30C8EB62609A}.Debug|Mixed Platforms.Build.0 = Debug|x86
		{8359746A-C725-40FC-994B-30C8EB62609A}.Debug|x86.ActiveCfg = Debug|x86
		{8359746A-C725-40FC-994B-30C8EB62609A}.Debug|x86.Build.0 = Debug|x86
		{8359746A-C725-40FC-994B-30C8EB62609A}.Release|Any CPU.ActiveCfg = Release|x86
		{8359746A-C725-40FC-994B-30C8EB62609A}.Release|Mixed Platforms.ActiveCfg = Release|x86
		{8359746A-C725-40FC-994B-30C8EB62609A}.Release|Mixed Platforms.Build.0 = Release|x86
		{8359746A-C725-40FC-994B-30C8EB62609A}.Release|x86.ActiveCfg = Release|x86
		{8359746A-C725-40FC-994B-30C8EB62609A}.Release|x86.Build.0 = Release|x86
		{D556D0B7-A193-4610-8DD3-17B715F2C868}.Debug|Any CPU.ActiveCfg = Debug|Any CPU
		{D556D0B7-A193-4610-8DD3-17B715F2C868}.Debug|Any CPU.Build.0 = Debug|Any CPU
		{D556D0B7-A193-4610-8DD3-17B715F2C868}.Debug|Mixed Platforms.ActiveCfg = Debug|Any CPU
		{D556D0B7-A193-4610-8DD3-17B715F2C868}.Debug|Mixed Platforms.Build.0 = Debug|Any CPU
		{D556D0B7-A193-4610-8DD3-17B715F2C868}.Debug|x86.ActiveCfg = Debug|Any CPU
		{D556D0B7-A193-4610-8DD3-17B715F2C868}.Release|Any CPU.ActiveCfg = Release|Any CPU
		{D556D0B7-A193-4610-8DD3-17B715F2C868}.Release|Any CPU.Build.0 = Release|Any CPU
		{D556D0B7-A193-4610-8DD3-17B715F2C868}.Release|Mixed Platforms.ActiveCfg = Release|Any CPU
		{D556D0B7-A193-4610-8DD3-17B715F2C868}.Release|Mixed Platforms.Build.0 = Release|Any CPU
		{D556D0B7-A193-4610-8DD3-17B715F2C868}.Release|x86.ActiveCfg = Release|Any CPU
	EndGlobalSection
	GlobalSection(SolutionProperties) = preSolution
		HideSolutionNode = FALSE
	EndGlobalSection
EndGlobal
